
Microsoft Visual Studio Solution File, Format Version 12.00
# Visual Studio Version 16
VisualStudioVersion = 16.0.30114.105
MinimumVisualStudioVersion = 10.0.40219.1
Project("{8BC9CEB8-8B4A-11D0-8D11-00A0C91BC942}") = "01_OOP", "01_OOP.vcxproj", "{7F5B55E8-412E-4BBD-AF3B-BE7152EED22C}"
EndProject
Global
	GlobalSection(SolutionConfigurationPlatforms) = preSolution
		Debug|x64 = Debug|x64
		Debug|x86 = Debug|x86
		Release|x64 = Release|x64
		Release|x86 = Release|x86
	EndGlobalSection
	GlobalSection(ProjectConfigurationPlatforms) = postSolution
		{7F5B55E8-412E-4BBD-AF3B-BE7152EED22C}.Debug|x64.ActiveCfg = Debug|x64
		{7F5B55E8-412E-4BBD-AF3B-BE7152EED22C}.Debug|x64.Build.0 = Debug|x64
		{7F5B55E8-412E-4BBD-AF3B-BE7152EED22C}.Debug|x86.ActiveCfg = Debug|Win32
		{7F5B55E8-412E-4BBD-AF3B-BE7152EED22C}.Debug|x86.Build.0 = Debug|Win32
		{7F5B55E8-412E-4BBD-AF3B-BE7152EED22C}.Release|x64.ActiveCfg = Release|x64
		{7F5B55E8-412E-4BBD-AF3B-BE7152EED22C}.Release|x64.Build.0 = Release|x64
		{7F5B55E8-412E-4BBD-AF3B-BE7152EED22C}.Release|x86.ActiveCfg = Release|Win32
		{7F5B55E8-412E-4BBD-AF3B-BE7152EED22C}.Release|x86.Build.0 = Release|Win32
	EndGlobalSection
	GlobalSection(SolutionProperties) = preSolution
		HideSolutionNode = FALSE
	EndGlobalSection
	GlobalSection(ExtensibilityGlobals) = postSolution
		SolutionGuid = {BED6C5E1-6792-44E2-865F-C1A309A2C7C4}
	EndGlobalSection
EndGlobal
